// !$*UTF8*$!
{
	archiveVersion = 1;
	classes = {
	};
	objectVersion = 56;
	objects = {

/* Begin PBXBuildFile section */
		180283BA2AA5B4EB000FB672 /* CombineAppleApiApp.swift in Sources */ = {isa = PBXBuildFile; fileRef = 180283B92AA5B4EB000FB672 /* CombineAppleApiApp.swift */; };
		180283BC2AA5B4EB000FB672 /* ContentView.swift in Sources */ = {isa = PBXBuildFile; fileRef = 180283BB2AA5B4EB000FB672 /* ContentView.swift */; };
		180283BE2AA5B4ED000FB672 /* Assets.xcassets in Resources */ = {isa = PBXBuildFile; fileRef = 180283BD2AA5B4ED000FB672 /* Assets.xcassets */; };
		180283C12AA5B4ED000FB672 /* Preview Assets.xcassets in Resources */ = {isa = PBXBuildFile; fileRef = 180283C02AA5B4ED000FB672 /* Preview Assets.xcassets */; };
		180283C82AA5B53B000FB672 /* AppResponseone.swift in Sources */ = {isa = PBXBuildFile; fileRef = 180283C72AA5B53B000FB672 /* AppResponseone.swift */; };
		180283CA2AA5B56B000FB672 /* WebServiceManager.swift in Sources */ = {isa = PBXBuildFile; fileRef = 180283C92AA5B56B000FB672 /* WebServiceManager.swift */; };
		180283CC2AA5B60D000FB672 /* ApiViewModel.swift in Sources */ = {isa = PBXBuildFile; fileRef = 180283CB2AA5B60D000FB672 /* ApiViewModel.swift */; };
/* End PBXBuildFile section */

/* Begin PBXFileReference section */
		180283B62AA5B4EB000FB672 /* CombineAppleApi.app */ = {isa = PBXFileReference; explicitFileType = wrapper.application; includeInIndex = 0; path = CombineAppleApi.app; sourceTree = BUILT_PRODUCTS_DIR; };
		180283B92AA5B4EB000FB672 /* CombineAppleApiApp.swift */ = {isa = PBXFileReference; lastKnownFileType = sourcecode.swift; path = CombineAppleApiApp.swift; sourceTree = "<group>"; };
		180283BB2AA5B4EB000FB672 /* ContentView.swift */ = {isa = PBXFileReference; lastKnownFileType = sourcecode.swift; path = ContentView.swift; sourceTree = "<group>"; };
		180283BD2AA5B4ED000FB672 /* Assets.xcassets */ = {isa = PBXFileReference; lastKnownFileType = folder.assetcatalog; path = Assets.xcassets; sourceTree = "<group>"; };
		180283C02AA5B4ED000FB672 /* Preview Assets.xcassets */ = {isa = PBXFileReference; lastKnownFileType = folder.assetcatalog; path = "Preview Assets.xcassets"; sourceTree = "<group>"; };
		180283C72AA5B53B000FB672 /* AppResponseone.swift */ = {isa = PBXFileReference; lastKnownFileType = sourcecode.swift; path = AppResponseone.swift; sourceTree = "<group>"; };
		180283C92AA5B56B000FB672 /* WebServiceManager.swift */ = {isa = PBXFileReference; lastKnownFileType = sourcecode.swift; path = WebServiceManager.swift; sourceTree = "<group>"; };
		180283CB2AA5B60D000FB672 /* ApiViewModel.swift */ = {isa = PBXFileReference; lastKnownFileType = sourcecode.swift; path = ApiViewModel.swift; sourceTree = "<group>"; };
/* End PBXFileReference section */

/* Begin PBXFrameworksBuildPhase section */
		180283B32AA5B4EB000FB672 /* Frameworks */ = {
			isa = PBXFrameworksBuildPhase;
			buildActionMask = 2147483647;
			files = (
			);
			runOnlyForDeploymentPostprocessing = 0;
		};
/* End PBXFrameworksBuildPhase section */

/* Begin PBXGroup section */
		180283AD2AA5B4EB000FB672 = {
			isa = PBXGroup;
			children = (
				180283B82AA5B4EB000FB672 /* CombineAppleApi */,
				180283B72AA5B4EB000FB672 /* Products */,
			);
			sourceTree = "<group>";
		};
		180283B72AA5B4EB000FB672 /* Products */ = {
			isa = PBXGroup;
			children = (
				180283B62AA5B4EB000FB672 /* CombineAppleApi.app */,
			);
			name = Products;
			sourceTree = "<group>";
		};
		180283B82AA5B4EB000FB672 /* CombineAppleApi */ = {
			isa = PBXGroup;
			children = (
				180283B92AA5B4EB000FB672 /* CombineAppleApiApp.swift */,
				180283BB2AA5B4EB000FB672 /* ContentView.swift */,
				180283C72AA5B53B000FB672 /* AppResponseone.swift */,
				180283C92AA5B56B000FB672 /* WebServiceManager.swift */,
				180283CB2AA5B60D000FB672 /* ApiViewModel.swift */,
				180283BD2AA5B4ED000FB672 /* Assets.xcassets */,
				180283BF2AA5B4ED000FB672 /* Preview Content */,
			);
			path = CombineAppleApi;
			sourceTree = "<group>";
		};
		180283BF2AA5B4ED000FB672 /* Preview Content */ = {
			isa = PBXGroup;
			children = (
				180283C02AA5B4ED000FB672 /* Preview Assets.xcassets */,
			);
			path = "Preview Content";
			sourceTree = "<group>";
		};
/* End PBXGroup section */

/* Begin PBXNativeTarget section */
		180283B52AA5B4EB000FB672 /* CombineAppleApi */ = {
			isa = PBXNativeTarget;
			buildConfigurationList = 180283C42AA5B4ED000FB672 /* Build configuration list for PBXNativeTarget "CombineAppleApi" */;
			buildPhases = (
				180283B22AA5B4EB000FB672 /* Sources */,
				180283B32AA5B4EB000FB672 /* Frameworks */,
				180283B42AA5B4EB000FB672 /* Resources */,
			);
			buildRules = (
			);
			dependencies = (
			);
			name = CombineAppleApi;
			productName = CombineAppleApi;
			productReference = 180283B62AA5B4EB000FB672 /* CombineAppleApi.app */;
			productType = "com.apple.product-type.application";
		};
/* End PBXNativeTarget section */

/* Begin PBXProject section */
		180283AE2AA5B4EB000FB672 /* Project object */ = {
			isa = PBXProject;
			attributes = {
				BuildIndependentTargetsInParallel = 1;
				LastSwiftUpdateCheck = 1430;
				LastUpgradeCheck = 1430;
				TargetAttributes = {
					180283B52AA5B4EB000FB672 = {
						CreatedOnToolsVersion = 14.3;
					};
				};
			};
			buildConfigurationList = 180283B12AA5B4EB000FB672 /* Build configuration list for PBXProject "CombineAppleApi" */;
			compatibilityVersion = "Xcode 14.0";
			developmentRegion = en;
			hasScannedForEncodings = 0;
			knownRegions = (
				en,
				Base,
			);
			mainGroup = 180283AD2AA5B4EB000FB672;
			productRefGroup = 180283B72AA5B4EB000FB672 /* Products */;
			projectDirPath = "";
			projectRoot = "";
			targets = (
				180283B52AA5B4EB000FB672 /* CombineAppleApi */,
			);
		};
/* End PBXProject section */

/* Begin PBXResourcesBuildPhase section */
		180283B42AA5B4EB000FB672 /* Resources */ = {
			isa = PBXResourcesBuildPhase;
			buildActionMask = 2147483647;
			files = (
				180283C12AA5B4ED000FB672 /* Preview Assets.xcassets in Resources */,
				180283BE2AA5B4ED000FB672 /* Assets.xcassets in Resources */,
			);
			runOnlyForDeploymentPostprocessing = 0;
		};
/* End PBXResourcesBuildPhase section */

/* Begin PBXSourcesBuildPhase section */
		180283B22AA5B4EB000FB672 /* Sources */ = {
			isa = PBXSourcesBuildPhase;
			buildActionMask = 2147483647;
			files = (
				180283CA2AA5B56B000FB672 /* WebServiceManager.swift in Sources */,
				180283BC2AA5B4EB000FB672 /* ContentView.swift in Sources */,
				180283BA2AA5B4EB000FB672 /* CombineAppleApiApp.swift in Sources */,
				180283C82AA5B53B000FB672 /* AppResponseone.swift in Sources */,
				180283CC2AA5B60D000FB672 /* ApiViewModel.swift in Sources */,
			);
			runOnlyForDeploymentPostprocessing = 0;
		};
/* End PBXSourcesBuildPhase section */

/* Begin XCBuildConfiguration section */
		180283C22AA5B4ED000FB672 /* Debug */ = {
			isa = XCBuildConfiguration;
			buildSettings = {
				ALWAYS_SEARCH_USER_PATHS = NO;
				CLANG_ANALYZER_NONNULL = YES;
				CLANG_ANALYZER_NUMBER_OBJECT_CONVERSION = YES_AGGRESSIVE;
				CLANG_CXX_LANGUAGE_STANDARD = "gnu++20";
				CLANG_ENABLE_MODULES = YES;
				CLANG_ENABLE_OBJC_ARC = YES;
				CLANG_ENABLE_OBJC_WEAK = YES;
				CLANG_WARN_BLOCK_CAPTURE_AUTORELEASING = YES;
				CLANG_WARN_BOOL_CONVERSION = YES;
				CLANG_WARN_COMMA = YES;
				CLANG_WARN_CONSTANT_CONVERSION = YES;
				CLANG_WARN_DEPRECATED_OBJC_IMPLEMENTATIONS = YES;
				CLANG_WARN_DIRECT_OBJC_ISA_USAGE = YES_ERROR;
				CLANG_WARN_DOCUMENTATION_COMMENTS = YES;
				CLANG_WARN_EMPTY_BODY = YES;
				CLANG_WARN_ENUM_CONVERSION = YES;
				CLANG_WARN_INFINITE_RECURSION = YES;
				CLANG_WARN_INT_CONVERSION = YES;
				CLANG_WARN_NON_LITERAL_NULL_CONVERSION = YES;
				CLANG_WARN_OBJC_IMPLICIT_RETAIN_SELF = YES;
				CLANG_WARN_OBJC_LITERAL_CONVERSION = YES;
				CLANG_WARN_OBJC_ROOT_CLASS = YES_ERROR;
				CLANG_WARN_QUOTED_INCLUDE_IN_FRAMEWORK_HEADER = YES;
				CLANG_WARN_RANGE_LOOP_ANALYSIS = YES;
				CLANG_WARN_STRICT_PROTOTYPES = YES;
				CLANG_WARN_SUSPICIOUS_MOVE = YES;
				CLANG_WARN_UNGUARDED_AVAILABILITY = YES_AGGRESSIVE;
				CLANG_WARN_UNREACHABLE_CODE = YES;
				CLANG_WARN__DUPLICATE_METHOD_MATCH = YES;
				COPY_PHASE_STRIP = NO;
				DEBUG_INFORMATION_FORMAT = dwarf;
				ENABLE_STRICT_OBJC_MSGSEND = YES;
				ENABLE_TESTABILITY = YES;
				GCC_C_LANGUAGE_STANDARD = gnu11;
				GCC_DYNAMIC_NO_PIC = NO;
				GCC_NO_COMMON_BLOCKS = YES;
				GCC_OPTIMIZATION_LEVEL = 0;
				GCC_PREPROCESSOR_DEFINITIONS = (
					"DEBUG=1",
					"$(inherited)",
				);
				GCC_WARN_64_TO_32_BIT_CONVERSION = YES;
				GCC_WARN_ABOUT_RETURN_TYPE = YES_ERROR;
				GCC_WARN_UNDECLARED_SELECTOR = YES;
				GCC_WARN_UNINITIALIZED_AUTOS = YES_AGGRESSIVE;
				GCC_WARN_UNUSED_FUNCTION = YES;
				GCC_WARN_UNUSED_VARIABLE = YES;
				IPHONEOS_DEPLOYMENT_TARGET = 16.4;
				MTL_ENABLE_DEBUG_INFO = INCLUDE_SOURCE;
				MTL_FAST_MATH = YES;
				ONLY_ACTIVE_ARCH = YES;
				SDKROOT = iphoneos;
				SWIFT_ACTIVE_COMPILATION_CONDITIONS = DEBUG;
				SWIFT_OPTIMIZATION_LEVEL = "-Onone";
			};
			name = Debug;
		};
		180283C32AA5B4ED000FB672 /* Release */ = {
			isa = XCBuildConfiguration;
			buildSettings = {
				ALWAYS_SEARCH_USER_PATHS = NO;
				CLANG_ANALYZER_NONNULL = YES;
				CLANG_ANALYZER_NUMBER_OBJECT_CONVERSION = YES_AGGRESSIVE;
				CLANG_CXX_LANGUAGE_STANDARD = "gnu++20";
				CLANG_ENABLE_MODULES = YES;
				CLANG_ENABLE_OBJC_ARC = YES;
				CLANG_ENABLE_OBJC_WEAK = YES;
				CLANG_WARN_BLOCK_CAPTURE_AUTORELEASING = YES;
				CLANG_WARN_BOOL_CONVERSION = YES;
				CLANG_WARN_COMMA = YES;
				CLANG_WARN_CONSTANT_CONVERSION = YES;
				CLANG_WARN_DEPRECATED_OBJC_IMPLEMENTATIONS = YES;
				CLANG_WARN_DIRECT_OBJC_ISA_USAGE = YES_ERROR;
				CLANG_WARN_DOCUMENTATION_COMMENTS = YES;
				CLANG_WARN_EMPTY_BODY = YES;
				CLANG_WARN_ENUM_CONVERSION = YES;
				CLANG_WARN_INFINITE_RECURSION = YES;
				CLANG_WARN_INT_CONVERSION = YES;
				CLANG_WARN_NON_LITERAL_NULL_CONVERSION = YES;
				CLANG_WARN_OBJC_IMPLICIT_RETAIN_SELF = YES;
				CLANG_WARN_OBJC_LITERAL_CONVERSION = YES;
				CLANG_WARN_OBJC_ROOT_CLASS = YES_ERROR;
				CLANG_WARN_QUOTED_INCLUDE_IN_FRAMEWORK_HEADER = YES;
				CLANG_WARN_RANGE_LOOP_ANALYSIS = YES;
				CLANG_WARN_STRICT_PROTOTYPES = YES;
				CLANG_WARN_SUSPICIOUS_MOVE = YES;
				CLANG_WARN_UNGUARDED_AVAILABILITY = YES_AGGRESSIVE;
				CLANG_WARN_UNREACHABLE_CODE = YES;
				CLANG_WARN__DUPLICATE_METHOD_MATCH = YES;
				COPY_PHASE_STRIP = NO;
				DEBUG_INFORMATION_FORMAT = "dwarf-with-dsym";
				ENABLE_NS_ASSERTIONS = NO;
				ENABLE_STRICT_OBJC_MSGSEND = YES;
				GCC_C_LANGUAGE_STANDARD = gnu11;
				GCC_NO_COMMON_BLOCKS = YES;
				GCC_WARN_64_TO_32_BIT_CONVERSION = YES;
				GCC_WARN_ABOUT_RETURN_TYPE = YES_ERROR;
				GCC_WARN_UNDECLARED_SELECTOR = YES;
				GCC_WARN_UNINITIALIZED_AUTOS = YES_AGGRESSIVE;
				GCC_WARN_UNUSED_FUNCTION = YES;
				GCC_WARN_UNUSED_VARIABLE = YES;
				IPHONEOS_DEPLOYMENT_TARGET = 16.4;
				MTL_ENABLE_DEBUG_INFO = NO;
				MTL_FAST_MATH = YES;
				SDKROOT = iphoneos;
				SWIFT_COMPILATION_MODE = wholemodule;
				SWIFT_OPTIMIZATION_LEVEL = "-O";
				VALIDATE_PRODUCT = YES;
			};
			name = Release;
		};
		180283C52AA5B4ED000FB672 /* Debug */ = {
			isa = XCBuildConfiguration;
			buildSettings = {
				ASSETCATALOG_COMPILER_APPICON_NAME = AppIcon;
				ASSETCATALOG_COMPILER_GLOBAL_ACCENT_COLOR_NAME = AccentColor;
				CODE_SIGN_STYLE = Automatic;
				CURRENT_PROJECT_VERSION = 1;
				DEVELOPMENT_ASSET_PATHS = "\"CombineAppleApi/Preview Content\"";
				DEVELOPMENT_TEAM = RHAL88DE2X;
				ENABLE_PREVIEWS = YES;
				GENERATE_INFOPLIST_FILE = YES;
				INFOPLIST_KEY_UIApplicationSceneManifest_Generation = YES;
				INFOPLIST_KEY_UIApplicationSupportsIndirectInputEvents = YES;
				INFOPLIST_KEY_UILaunchScreen_Generation = YES;
				INFOPLIST_KEY_UISupportedInterfaceOrientations_iPad = "UIInterfaceOrientationPortrait UIInterfaceOrientationPortraitUpsideDown UIInterfaceOrientationLandscapeLeft UIInterfaceOrientationLandscapeRight";
				INFOPLIST_KEY_UISupportedInterfaceOrientations_iPhone = "UIInterfaceOrientationPortrait UIInterfaceOrientationLandscapeLeft UIInterfaceOrientationLandscapeRight";
				LD_RUNPATH_SEARCH_PATHS = (
					"$(inherited)",
					"@executable_path/Frameworks",
				);
				MARKETING_VERSION = 1.0;
				PRODUCT_BUNDLE_IDENTIFIER = com.hns.test.CombineAppleApi;
				PRODUCT_NAME = "$(TARGET_NAME)";
				SWIFT_EMIT_LOC_STRINGS = YES;
				SWIFT_VERSION = 5.0;
				TARGETED_DEVICE_FAMILY = "1,2";
			};
			name = Debug;
		};
		180283C62AA5B4ED000FB672 /* Release */ = {
			isa = XCBuildConfiguration;
			buildSettings = {
				ASSETCATALOG_COMPILER_APPICON_NAME = AppIcon;
				ASSETCATALOG_COMPILER_GLOBAL_ACCENT_COLOR_NAME = AccentColor;
				CODE_SIGN_STYLE = Automatic;
				CURRENT_PROJECT_VERSION = 1;
				DEVELOPMENT_ASSET_PATHS = "\"CombineAppleApi/Preview Content\"";
				DEVELOPMENT_TEAM = RHAL88DE2X;
				ENABLE_PREVIEWS = YES;
				GENERATE_INFOPLIST_FILE = YES;
				INFOPLIST_KEY_UIApplicationSceneManifest_Generation = YES;
				INFOPLIST_KEY_UIApplicationSupportsIndirectInputEvents = YES;
				INFOPLIST_KEY_UILaunchScreen_Generation = YES;
				INFOPLIST_KEY_UISupportedInterfaceOrientations_iPad = "UIInterfaceOrientationPortrait UIInterfaceOrientationPortraitUpsideDown UIInterfaceOrientationLandscapeLeft UIInterfaceOrientationLandscapeRight";
				INFOPLIST_KEY_UISupportedInterfaceOrientations_iPhone = "UIInterfaceOrientationPortrait UIInterfaceOrientationLandscapeLeft UIInterfaceOrientationLandscapeRight";
				LD_RUNPATH_SEARCH_PATHS = (
					"$(inherited)",
					"@executable_path/Frameworks",
				);
				MARKETING_VERSION = 1.0;
				PRODUCT_BUNDLE_IDENTIFIER = com.hns.test.CombineAppleApi;
				PRODUCT_NAME = "$(TARGET_NAME)";
				SWIFT_EMIT_LOC_STRINGS = YES;
				SWIFT_VERSION = 5.0;
				TARGETED_DEVICE_FAMILY = "1,2";
			};
			name = Release;
		};
/* End XCBuildConfiguration section */

/* Begin XCConfigurationList section */
		180283B12AA5B4EB000FB672 /* Build configuration list for PBXProject "CombineAppleApi" */ = {
			isa = XCConfigurationList;
			buildConfigurations = (
				180283C22AA5B4ED000FB672 /* Debug */,
				180283C32AA5B4ED000FB672 /* Release */,
			);
			defaultConfigurationIsVisible = 0;
			defaultConfigurationName = Release;
		};
		180283C42AA5B4ED000FB672 /* Build configuration list for PBXNativeTarget "CombineAppleApi" */ = {
			isa = XCConfigurationList;
			buildConfigurations = (
				180283C52AA5B4ED000FB672 /* Debug */,
				180283C62AA5B4ED000FB672 /* Release */,
			);
			defaultConfigurationIsVisible = 0;
			defaultConfigurationName = Release;
		};
/* End XCConfigurationList section */
	};
	rootObject = 180283AE2AA5B4EB000FB672 /* Project object */;
}
